
Microsoft Visual Studio Solution File, Format Version 12.00
# Visual Studio Version 17
VisualStudioVersion = 17.8.34525.116
MinimumVisualStudioVersion = 10.0.40219.1
Project("{9A19103F-16F7-4668-BE54-9A1E7A4F7556}") = "GrpcServer", "GrpcServer\GrpcServer.csproj", "{56436A1D-1B7D-4ADD-9685-A117FF047168}"
EndProject
Project("{FAE04EC0-301F-11D3-BF4B-00C04F79EFBC}") = "GrpcClient", "GrpcClient\GrpcClient.csproj", "{B4585C65-6358-4F23-AE23-158A593CA632}"
EndProject
Global
	GlobalSection(SolutionConfigurationPlatforms) = preSolution
		Debug|Any CPU = Debug|Any CPU
		Release|Any CPU = Release|Any CPU
	EndGlobalSection
	GlobalSection(ProjectConfigurationPlatforms) = postSolution
		{56436A1D-1B7D-4ADD-9685-A117FF047168}.Debug|Any CPU.ActiveCfg = Debug|Any CPU
		{56436A1D-1B7D-4ADD-9685-A117FF047168}.Debug|Any CPU.Build.0 = Debug|Any CPU
		{56436A1D-1B7D-4ADD-9685-A117FF047168}.Release|Any CPU.ActiveCfg = Release|Any CPU
		{56436A1D-1B7D-4ADD-9685-A117FF047168}.Release|Any CPU.Build.0 = Release|Any CPU
		{B4585C65-6358-4F23-AE23-158A593CA632}.Debug|Any CPU.ActiveCfg = Debug|Any CPU
		{B4585C65-6358-4F23-AE23-158A593CA632}.Debug|Any CPU.Build.0 = Debug|Any CPU
		{B4585C65-6358-4F23-AE23-158A593CA632}.Release|Any CPU.ActiveCfg = Release|Any CPU
		{B4585C65-6358-4F23-AE23-158A593CA632}.Release|Any CPU.Build.0 = Release|Any CPU
	EndGlobalSection
	GlobalSection(SolutionProperties) = preSolution
		HideSolutionNode = FALSE
	EndGlobalSection
	GlobalSection(ExtensibilityGlobals) = postSolution
		SolutionGuid = {02ADEFF2-ACE3-486D-9D3E-A3C255FB0248}
	EndGlobalSection
EndGlobal
